PODS:
  - Alamofire (5.11.2)
  - HiMapper (1.0.1)
  - HiNet/Core (1.1.1):
    - HiMapper (~> 1.0)
    - Moya/Core (~> 15.0)
  - HiNet/RxSwift (1.1.1):
    - HiNet/Core
    - Moya/RxSwift (~> 15.0)
    - RxRelay (~> 6.0)
  - Moya/Core (15.0.0):
    - Alamofire (~> 5.0)
  - Moya/RxSwift (15.0.0):
    - Moya/Core
    - RxSwift (~> 6.0)
  - RxRelay (6.9.0):
    - RxSwift (= 6.9.0)
  - RxSwift (6.9.0)

DEPENDENCIES:
  - HiNet/RxSwift (from `../../`)

SPEC REPOS:
  https://github.com/CocoaPods/Specs.git:
    - Alamofire
    - HiMapper
    - Moya
    - RxRelay
    - RxSwift

EXTERNAL SOURCES:
  HiNet:
    :path: "../../"

SPEC CHECKSUMS:
  Alamofire: 400275dd1c6d87d95a041861d2a59da4b520a203
  HiMapper: 9bb9456bfcda7e174971d0bccfa1502a7b3fa7ff
  HiNet: bb84ce97f2167bcbe94831070b74fcdb4121abc3
  Moya: 138f0573e53411fb3dc17016add0b748dfbd78ee
  RxRelay: 6b0c930e5cef57d5fe2032571e5e65b78e3cbdb1
  RxSwift: 31649ace6aceeb422e16ff71c60804f9c3281ed9

PODFILE CHECKSUM: 40386c2b4c7bffc2ef64de718a6afa70f7e2406d

COCOAPODS: 1.16.2
